// !$*UTF8*$!
{
	archiveVersion = 1;
	classes = {
	};
	objectVersion = 51;
	objects = {

/* Begin PBXBuildFile section */
		C78D2200069890E563C1B5C0 /* Pods_Diary.framework in Frameworks */ = {isa = PBXBuildFile; fileRef = B06B34A1E494122BD5FC6C25 /* Pods_Diary.framework */; };
		EF0ADA9B25BFC332004F9BFC /* iconfont.ttf in Resources */ = {isa = PBXBuildFile; fileRef = EF0ADA9A25BFC332004F9BFC /* iconfont.ttf */; };
		EF0ADAA025BFEED1004F9BFC /* QYReaderStatistical.swift in Sources */ = {isa = PBXBuildFile; fileRef = EF0ADA9F25BFEED1004F9BFC /* QYReaderStatistical.swift */; };
		EF0ADABB25C00A28004F9BFC /* QYReaderBoxController.swift in Sources */ = {isa = PBXBuildFile; fileRef = EF0ADABA25C00A28004F9BFC /* QYReaderBoxController.swift */; };
		EF14183125BAAA4E00AB0A80 /* UIView+Animation.swift in Sources */ = {isa = PBXBuildFile; fileRef = EF14183025BAAA4E00AB0A80 /* UIView+Animation.swift */; };
		EF15E4BB25C2505D00DCE201 /* QYViewModel.swift in Sources */ = {isa = PBXBuildFile; fileRef = EF15E4BA25C2505D00DCE201 /* QYViewModel.swift */; };
		EF15E4C825C2524E00DCE201 /* QYRefreshViewModel.swift in Sources */ = {isa = PBXBuildFile; fileRef = EF15E4C725C2524E00DCE201 /* QYRefreshViewModel.swift */; };
		EF15E4D025C2587A00DCE201 /* QYVMController.swift in Sources */ = {isa = PBXBuildFile; fileRef = EF15E4CF25C2587A00DCE201 /* QYVMController.swift */; };
		EF15E59E25C2606A00DCE201 /* QYBaseEmptyView.swift in Sources */ = {isa = PBXBuildFile; fileRef = EF15E59D25C2606A00DCE201 /* QYBaseEmptyView.swift */; };
		EF15E5A125C261A500DCE201 /* QYReachabilityHelper.swift in Sources */ = {isa = PBXBuildFile; fileRef = EF15E5A025C261A500DCE201 /* QYReachabilityHelper.swift */; };
		EF15E5D825C2865900DCE201 /* QYRequest.swift in Sources */ = {isa = PBXBuildFile; fileRef = EF15E5D725C2865900DCE201 /* QYRequest.swift */; };
		EF15E5DD25C2870A00DCE201 /* QYBaseItem.swift in Sources */ = {isa = PBXBuildFile; fileRef = EF15E5DC25C2870A00DCE201 /* QYBaseItem.swift */; };
		EF15E5E125C28A6800DCE201 /* QYTableController.swift in Sources */ = {isa = PBXBuildFile; fileRef = EF15E5E025C28A6800DCE201 /* QYTableController.swift */; };
		EF15E5E425C28EFC00DCE201 /* QYCollectionController.swift in Sources */ = {isa = PBXBuildFile; fileRef = EF15E5E325C28EFC00DCE201 /* QYCollectionController.swift */; };
		EF15E5E725C2901700DCE201 /* QYVMTableController.swift in Sources */ = {isa = PBXBuildFile; fileRef = EF15E5E625C2901700DCE201 /* QYVMTableController.swift */; };
		EF15E5EB25C2914300DCE201 /* QYRefreshFastHeader.swift in Sources */ = {isa = PBXBuildFile; fileRef = EF15E5EA25C2914300DCE201 /* QYRefreshFastHeader.swift */; };
		EF15E5EE25C2915200DCE201 /* QYRefresh.swift in Sources */ = {isa = PBXBuildFile; fileRef = EF15E5ED25C2915200DCE201 /* QYRefresh.swift */; };
		EF15E5F125C2945C00DCE201 /* QYVMCollectionController.swift in Sources */ = {isa = PBXBuildFile; fileRef = EF15E5F025C2945C00DCE201 /* QYVMCollectionController.swift */; };
		EF15E5F525C2A04400DCE201 /* QYHomeViewModel.swift in Sources */ = {isa = PBXBuildFile; fileRef = EF15E5F425C2A04400DCE201 /* QYHomeViewModel.swift */; };
		EF4B10EE25B148430055C4D2 /* AppDelegate.swift in Sources */ = {isa = PBXBuildFile; fileRef = EF4B10ED25B148430055C4D2 /* AppDelegate.swift */; };
		EF4B10F725B148450055C4D2 /* Assets.xcassets in Resources */ = {isa = PBXBuildFile; fileRef = EF4B10F625B148450055C4D2 /* Assets.xcassets */; };
		EF4B10FA25B148450055C4D2 /* LaunchScreen.storyboard in Resources */ = {isa = PBXBuildFile; fileRef = EF4B10F825B148450055C4D2 /* LaunchScreen.storyboard */; };
		EF4B11DC25B1720C0055C4D2 /* QYTabbarController.swift in Sources */ = {isa = PBXBuildFile; fileRef = EF4B11DB25B1720C0055C4D2 /* QYTabbarController.swift */; };
		EF4B11E025B172200055C4D2 /* QYNavigationController.swift in Sources */ = {isa = PBXBuildFile; fileRef = EF4B11DF25B172200055C4D2 /* QYNavigationController.swift */; };
		EF4B11E525B1723D0055C4D2 /* QYHomeController.swift in Sources */ = {isa = PBXBuildFile; fileRef = EF4B11E425B1723D0055C4D2 /* QYHomeController.swift */; };
		EF4B11EB25B172880055C4D2 /* AppDelegate+Internal.swift in Sources */ = {isa = PBXBuildFile; fileRef = EF4B11EA25B172880055C4D2 /* AppDelegate+Internal.swift */; };
		EF4B120C25B173490055C4D2 /* ZFPlayer+Rx.swift in Sources */ = {isa = PBXBuildFile; fileRef = EF4B11F025B173480055C4D2 /* ZFPlayer+Rx.swift */; };
		EF4B120E25B173490055C4D2 /* ObservableExtensions.swift in Sources */ = {isa = PBXBuildFile; fileRef = EF4B11F225B173480055C4D2 /* ObservableExtensions.swift */; };
		EF4B120F25B173490055C4D2 /* MJRefreshComponent+Rx.swift in Sources */ = {isa = PBXBuildFile; fileRef = EF4B11F425B173480055C4D2 /* MJRefreshComponent+Rx.swift */; };
		EF4B121025B173490055C4D2 /* MJRefreshFooter+Rx.swift in Sources */ = {isa = PBXBuildFile; fileRef = EF4B11F525B173480055C4D2 /* MJRefreshFooter+Rx.swift */; };
		EF4B121125B173490055C4D2 /* JXPagingListContainerViewExtension.swift in Sources */ = {isa = PBXBuildFile; fileRef = EF4B11F725B173480055C4D2 /* JXPagingListContainerViewExtension.swift */; };
		EF4B121225B173490055C4D2 /* UITableView+ReusableView.swift in Sources */ = {isa = PBXBuildFile; fileRef = EF4B11F925B173480055C4D2 /* UITableView+ReusableView.swift */; };
		EF4B121325B173490055C4D2 /* UICollectionView+ReusableView.swift in Sources */ = {isa = PBXBuildFile; fileRef = EF4B11FA25B173480055C4D2 /* UICollectionView+ReusableView.swift */; };
		EF4B121425B173490055C4D2 /* ReusableView.swift in Sources */ = {isa = PBXBuildFile; fileRef = EF4B11FB25B173480055C4D2 /* ReusableView.swift */; };
		EF4B121525B173490055C4D2 /* QianyuWrapper.swift in Sources */ = {isa = PBXBuildFile; fileRef = EF4B11FC25B173480055C4D2 /* QianyuWrapper.swift */; };
		EF4B121625B173490055C4D2 /* CGRectExtensions.swift in Sources */ = {isa = PBXBuildFile; fileRef = EF4B11FE25B173490055C4D2 /* CGRectExtensions.swift */; };
		EF4B121725B173490055C4D2 /* CGFloatExtensions.swift in Sources */ = {isa = PBXBuildFile; fileRef = EF4B11FF25B173490055C4D2 /* CGFloatExtensions.swift */; };
		EF4B121825B173490055C4D2 /* UIEdgeInsetsExtensions.swift in Sources */ = {isa = PBXBuildFile; fileRef = EF4B120025B173490055C4D2 /* UIEdgeInsetsExtensions.swift */; };
		EF4B121925B173490055C4D2 /* CGSizeExtensions.swift in Sources */ = {isa = PBXBuildFile; fileRef = EF4B120125B173490055C4D2 /* CGSizeExtensions.swift */; };
		EF4B121A25B173490055C4D2 /* StringExtensions.swift in Sources */ = {isa = PBXBuildFile; fileRef = EF4B120225B173490055C4D2 /* StringExtensions.swift */; };
		EF4B121B25B173490055C4D2 /* DoubleExtensions.swift in Sources */ = {isa = PBXBuildFile; fileRef = EF4B120325B173490055C4D2 /* DoubleExtensions.swift */; };
		EF4B121C25B173490055C4D2 /* CALayerExetnsions.swift in Sources */ = {isa = PBXBuildFile; fileRef = EF4B120525B173490055C4D2 /* CALayerExetnsions.swift */; };
		EF4B121D25B173490055C4D2 /* UIViewControllerExtensions.swift in Sources */ = {isa = PBXBuildFile; fileRef = EF4B120625B173490055C4D2 /* UIViewControllerExtensions.swift */; };
		EF4B121E25B173490055C4D2 /* UIImageExtensions.swift in Sources */ = {isa = PBXBuildFile; fileRef = EF4B120725B173490055C4D2 /* UIImageExtensions.swift */; };
		EF4B121F25B173490055C4D2 /* UIViewExtensions.swift in Sources */ = {isa = PBXBuildFile; fileRef = EF4B120825B173490055C4D2 /* UIViewExtensions.swift */; };
		EF4B122025B173490055C4D2 /* UIButtonExtensions.swift in Sources */ = {isa = PBXBuildFile; fileRef = EF4B120925B173490055C4D2 /* UIButtonExtensions.swift */; };
		EF4B122125B173490055C4D2 /* UIImageViewExtensions.swift in Sources */ = {isa = PBXBuildFile; fileRef = EF4B120A25B173490055C4D2 /* UIImageViewExtensions.swift */; };
		EF4B122225B173490055C4D2 /* UIColorExtensions.swift in Sources */ = {isa = PBXBuildFile; fileRef = EF4B120B25B173490055C4D2 /* UIColorExtensions.swift */; };
		EF4B122625B173F00055C4D2 /* AppDelegate+Vender.swift in Sources */ = {isa = PBXBuildFile; fileRef = EF4B122525B173F00055C4D2 /* AppDelegate+Vender.swift */; };
		EF4B123325B174370055C4D2 /* CHTCollectionViewWaterfallLayout.swift in Sources */ = {isa = PBXBuildFile; fileRef = EF4B122A25B174370055C4D2 /* CHTCollectionViewWaterfallLayout.swift */; };
		EF4B123925B174370055C4D2 /* ErrorTracker.swift in Sources */ = {isa = PBXBuildFile; fileRef = EF4B123225B174370055C4D2 /* ErrorTracker.swift */; };
		EF4B125725B1748D0055C4D2 /* QYHeaders.swift in Sources */ = {isa = PBXBuildFile; fileRef = EF4B124E25B1748D0055C4D2 /* QYHeaders.swift */; };
		EF4B125825B1748D0055C4D2 /* QYConfigs.swift in Sources */ = {isa = PBXBuildFile; fileRef = EF4B124F25B1748D0055C4D2 /* QYConfigs.swift */; };
		EF4B125925B1748D0055C4D2 /* QYColor.swift in Sources */ = {isa = PBXBuildFile; fileRef = EF4B125125B1748D0055C4D2 /* QYColor.swift */; };
		EF4B125B25B1748D0055C4D2 /* QYFont.swift in Sources */ = {isa = PBXBuildFile; fileRef = EF4B125325B1748D0055C4D2 /* QYFont.swift */; };
		EF4B125D25B1748D0055C4D2 /* QYInch.swift in Sources */ = {isa = PBXBuildFile; fileRef = EF4B125625B1748D0055C4D2 /* QYInch.swift */; };
		EF4B129625B175A20055C4D2 /* QYNotification.swift in Sources */ = {isa = PBXBuildFile; fileRef = EF4B129525B175A10055C4D2 /* QYNotification.swift */; };
		EF4B129A25B175B10055C4D2 /* QYLogger.swift in Sources */ = {isa = PBXBuildFile; fileRef = EF4B129925B175B10055C4D2 /* QYLogger.swift */; };
		EF4B129F25B175B80055C4D2 /* QYAlert.swift in Sources */ = {isa = PBXBuildFile; fileRef = EF4B129E25B175B80055C4D2 /* QYAlert.swift */; };
		EF4B12A425B175C00055C4D2 /* QYButton.swift in Sources */ = {isa = PBXBuildFile; fileRef = EF4B12A225B175C00055C4D2 /* QYButton.swift */; };
		EF4B12A525B175C00055C4D2 /* QYBorderButton.swift in Sources */ = {isa = PBXBuildFile; fileRef = EF4B12A325B175C00055C4D2 /* QYBorderButton.swift */; };
		EF4B12A925B175C80055C4D2 /* QYHUD.swift in Sources */ = {isa = PBXBuildFile; fileRef = EF4B12A825B175C80055C4D2 /* QYHUD.swift */; };
		EF4B12B525B175D60055C4D2 /* QYToast.swift in Sources */ = {isa = PBXBuildFile; fileRef = EF4B12AC25B175D60055C4D2 /* QYToast.swift */; };
		EF4B12B625B175D60055C4D2 /* QYRouter.swift in Sources */ = {isa = PBXBuildFile; fileRef = EF4B12AE25B175D60055C4D2 /* QYRouter.swift */; };
		EF4B12B725B175D60055C4D2 /* QYRouterExternal.swift in Sources */ = {isa = PBXBuildFile; fileRef = EF4B12AF25B175D60055C4D2 /* QYRouterExternal.swift */; };
		EF4B12B825B175D60055C4D2 /* QYRouterInternal.swift in Sources */ = {isa = PBXBuildFile; fileRef = EF4B12B025B175D60055C4D2 /* QYRouterInternal.swift */; };
		EF4B12B925B175D60055C4D2 /* QYLaunchAd.swift in Sources */ = {isa = PBXBuildFile; fileRef = EF4B12B225B175D60055C4D2 /* QYLaunchAd.swift */; };
		EF4B12BA25B175D60055C4D2 /* QYInsetsLabel.swift in Sources */ = {isa = PBXBuildFile; fileRef = EF4B12B425B175D60055C4D2 /* QYInsetsLabel.swift */; };
		EF4B131625B177050055C4D2 /* EmptyDataSet+Rx.swift in Sources */ = {isa = PBXBuildFile; fileRef = EF4B131525B177050055C4D2 /* EmptyDataSet+Rx.swift */; };
		EF4B132025B1782B0055C4D2 /* Localizable.strings in Resources */ = {isa = PBXBuildFile; fileRef = EF4B132225B1782B0055C4D2 /* Localizable.strings */; };
		EF4E3BDD25B67CA700001B5D /* QYCurvedTabbarController.swift in Sources */ = {isa = PBXBuildFile; fileRef = EF4E3BDC25B67CA700001B5D /* QYCurvedTabbarController.swift */; };
		EF4E3BE025B67CBD00001B5D /* QYCurvedTabbar.swift in Sources */ = {isa = PBXBuildFile; fileRef = EF4E3BDF25B67CBD00001B5D /* QYCurvedTabbar.swift */; };
		EF4E3BF225B6AA9500001B5D /* QYVideoController.swift in Sources */ = {isa = PBXBuildFile; fileRef = EF4E3BF125B6AA9500001B5D /* QYVideoController.swift */; };
		EF4E3BF725B6AABB00001B5D /* QYBaseController.swift in Sources */ = {isa = PBXBuildFile; fileRef = EF4E3BF625B6AABB00001B5D /* QYBaseController.swift */; };
		EF4E3BFC25B6AAEB00001B5D /* QYMineController.swift in Sources */ = {isa = PBXBuildFile; fileRef = EF4E3BFB25B6AAEB00001B5D /* QYMineController.swift */; };
		EF4E3C0125B6AB2800001B5D /* QYDiscoveryController.swift in Sources */ = {isa = PBXBuildFile; fileRef = EF4E3C0025B6AB2800001B5D /* QYDiscoveryController.swift */; };
		EF4E3C0625B6AC4C00001B5D /* QYBookShelfController.swift in Sources */ = {isa = PBXBuildFile; fileRef = EF4E3C0525B6AC4C00001B5D /* QYBookShelfController.swift */; };
		EF4E3C0F25B6B1CA00001B5D /* QYCurvedTabbarItem.swift in Sources */ = {isa = PBXBuildFile; fileRef = EF4E3C0E25B6B1CA00001B5D /* QYCurvedTabbarItem.swift */; };
		EF4E3C1225B6B24300001B5D /* QYCurvedTabbarBackgroundView.swift in Sources */ = {isa = PBXBuildFile; fileRef = EF4E3C1125B6B24300001B5D /* QYCurvedTabbarBackgroundView.swift */; };
		EF4E3C1525B6B29600001B5D /* QYCurvedTabbarItemContentView.swift in Sources */ = {isa = PBXBuildFile; fileRef = EF4E3C1425B6B29600001B5D /* QYCurvedTabbarItemContentView.swift */; };
		EF4E3C1825B6B79700001B5D /* QYCurvedTabbarItemContainer.swift in Sources */ = {isa = PBXBuildFile; fileRef = EF4E3C1725B6B79700001B5D /* QYCurvedTabbarItemContainer.swift */; };
		EF7EBB9625BECDCC007D0003 /* R.generated.swift in Sources */ = {isa = PBXBuildFile; fileRef = EF7EBB9525BECDCC007D0003 /* R.generated.swift */; };
		EF8793B225C3ABF300AD4090 /* QYColor+PrivacyPolicy.swift in Sources */ = {isa = PBXBuildFile; fileRef = EF8793B125C3ABF300AD4090 /* QYColor+PrivacyPolicy.swift */; };
		EF9B3B9125C2D67D00B9870E /* QYAlert+PrivacyPolicy.swift in Sources */ = {isa = PBXBuildFile; fileRef = EF9B3B9025C2D67D00B9870E /* QYAlert+PrivacyPolicy.swift */; };
		EFB05CA725C1479600D4EECA /* BundleExtensions.swift in Sources */ = {isa = PBXBuildFile; fileRef = EFB05CA625C1479600D4EECA /* BundleExtensions.swift */; };
		EFB05CEA25C167FA00D4EECA /* QYJPUSHHelper.swift in Sources */ = {isa = PBXBuildFile; fileRef = EFB05CE925C167FA00D4EECA /* QYJPUSHHelper.swift */; };
		EFB05CEE25C1689F00D4EECA /* QYKey.swift in Sources */ = {isa = PBXBuildFile; fileRef = EFB05CED25C1689F00D4EECA /* QYKey.swift */; };
		EFB05CF125C168F500D4EECA /* QYRouterHelp.swift in Sources */ = {isa = PBXBuildFile; fileRef = EFB05CF025C168F500D4EECA /* QYRouterHelp.swift */; };
		EFB05CF525C1711200D4EECA /* QYShortcutItemHelper.swift in Sources */ = {isa = PBXBuildFile; fileRef = EFB05CF425C1711200D4EECA /* QYShortcutItemHelper.swift */; };
		EFB05D2C25C1728700D4EECA /* QYScreenshotTrackHelper.swift in Sources */ = {isa = PBXBuildFile; fileRef = EFB05D2B25C1728700D4EECA /* QYScreenshotTrackHelper.swift */; };
		EFB2079D25C0F9A000B5C353 /* QYDataBaseManager.swift in Sources */ = {isa = PBXBuildFile; fileRef = EFB2079C25C0F9A000B5C353 /* QYDataBaseManager.swift */; };
		EFB207D125C117EE00B5C353 /* QYReader.bundle in Resources */ = {isa = PBXBuildFile; fileRef = EFB207D025C117EE00B5C353 /* QYReader.bundle */; };
		EFB207D525C132A500B5C353 /* QYReaderApi.swift in Sources */ = {isa = PBXBuildFile; fileRef = EFB207D425C132A500B5C353 /* QYReaderApi.swift */; };
		EFB207DD25C1350500B5C353 /* QYReaderConfig.swift in Sources */ = {isa = PBXBuildFile; fileRef = EFB207DC25C1350500B5C353 /* QYReaderConfig.swift */; };
		EFB207E025C1366100B5C353 /* QYReaderConfig+ReaderTheme.swift in Sources */ = {isa = PBXBuildFile; fileRef = EFB207DF25C1366100B5C353 /* QYReaderConfig+ReaderTheme.swift */; };
		EFC699F225B8055F000A9E5E /* QYCurvedAnimationConfig.swift in Sources */ = {isa = PBXBuildFile; fileRef = EFC699F125B8055F000A9E5E /* QYCurvedAnimationConfig.swift */; };
		EFC699F525B82717000A9E5E /* QYCurvedSelectedItem.swift in Sources */ = {isa = PBXBuildFile; fileRef = EFC699F425B82717000A9E5E /* QYCurvedSelectedItem.swift */; };
		EFD7931325BE66090093F5FD /* QYIconFontDiary.swift in Sources */ = {isa = PBXBuildFile; fileRef = EFD7931225BE66090093F5FD /* QYIconFontDiary.swift */; };
		EFDC25EB25B96756006476C4 /* QYCurvedTabBarItemBadgeView.swift in Sources */ = {isa = PBXBuildFile; fileRef = EFDC25EA25B96756006476C4 /* QYCurvedTabBarItemBadgeView.swift */; };
/* End PBXBuildFile section */

/* Begin PBXFileReference section */
		B06B34A1E494122BD5FC6C25 /* Pods_Diary.framework */ = {isa = PBXFileReference; explicitFileType = wrapper.framework; includeInIndex = 0; path = Pods_Diary.framework; sourceTree = BUILT_PRODUCTS_DIR; };
		D9863789ACDCCE019CE190A9 /* Pods-Diary.release.xcconfig */ = {isa = PBXFileReference; includeInIndex = 1; lastKnownFileType = text.xcconfig; name = "Pods-Diary.release.xcconfig"; path = "Target Support Files/Pods-Diary/Pods-Diary.release.xcconfig"; sourceTree = "<group>"; };
		E5C6F04C5E7253706059E155 /* Pods-Diary.debug.xcconfig */ = {isa = PBXFileReference; includeInIndex = 1; lastKnownFileType = text.xcconfig; name = "Pods-Diary.debug.xcconfig"; path = "Target Support Files/Pods-Diary/Pods-Diary.debug.xcconfig"; sourceTree = "<group>"; };
		EF0ADA9A25BFC332004F9BFC /* iconfont.ttf */ = {isa = PBXFileReference; lastKnownFileType = file; path = iconfont.ttf; sourceTree = "<group>"; };
		EF0ADA9F25BFEED1004F9BFC /* QYReaderStatistical.swift */ = {isa = PBXFileReference; lastKnownFileType = sourcecode.swift; path = QYReaderStatistical.swift; sourceTree = "<group>"; };
		EF0ADABA25C00A28004F9BFC /* QYReaderBoxController.swift */ = {isa = PBXFileReference; lastKnownFileType = sourcecode.swift; path = QYReaderBoxController.swift; sourceTree = "<group>"; };
		EF14183025BAAA4E00AB0A80 /* UIView+Animation.swift */ = {isa = PBXFileReference; lastKnownFileType = sourcecode.swift; path = "UIView+Animation.swift"; sourceTree = "<group>"; };
		EF15E4BA25C2505D00DCE201 /* QYViewModel.swift */ = {isa = PBXFileReference; lastKnownFileType = sourcecode.swift; path = QYViewModel.swift; sourceTree = "<group>"; };
		EF15E4C725C2524E00DCE201 /* QYRefreshViewModel.swift */ = {isa = PBXFileReference; lastKnownFileType = sourcecode.swift; path = QYRefreshViewModel.swift; sourceTree = "<group>"; };
		EF15E4CF25C2587A00DCE201 /* QYVMController.swift */ = {isa = PBXFileReference; lastKnownFileType = sourcecode.swift; path = QYVMController.swift; sourceTree = "<group>"; };
		EF15E59D25C2606A00DCE201 /* QYBaseEmptyView.swift */ = {isa = PBXFileReference; fileEncoding = 4; lastKnownFileType = sourcecode.swift; path = QYBaseEmptyView.swift; sourceTree = "<group>"; };
		EF15E5A025C261A500DCE201 /* QYReachabilityHelper.swift */ = {isa = PBXFileReference; lastKnownFileType = sourcecode.swift; path = QYReachabilityHelper.swift; sourceTree = "<group>"; };
		EF15E5D725C2865900DCE201 /* QYRequest.swift */ = {isa = PBXFileReference; lastKnownFileType = sourcecode.swift; path = QYRequest.swift; sourceTree = "<group>"; };
		EF15E5DC25C2870A00DCE201 /* QYBaseItem.swift */ = {isa = PBXFileReference; lastKnownFileType = sourcecode.swift; path = QYBaseItem.swift; sourceTree = "<group>"; };
		EF15E5E025C28A6800DCE201 /* QYTableController.swift */ = {isa = PBXFileReference; lastKnownFileType = sourcecode.swift; path = QYTableController.swift; sourceTree = "<group>"; };
		EF15E5E325C28EFC00DCE201 /* QYCollectionController.swift */ = {isa = PBXFileReference; lastKnownFileType = sourcecode.swift; path = QYCollectionController.swift; sourceTree = "<group>"; };
		EF15E5E625C2901700DCE201 /* QYVMTableController.swift */ = {isa = PBXFileReference; lastKnownFileType = sourcecode.swift; path = QYVMTableController.swift; sourceTree = "<group>"; };
		EF15E5EA25C2914300DCE201 /* QYRefreshFastHeader.swift */ = {isa = PBXFileReference; lastKnownFileType = sourcecode.swift; path = QYRefreshFastHeader.swift; sourceTree = "<group>"; };
		EF15E5ED25C2915200DCE201 /* QYRefresh.swift */ = {isa = PBXFileReference; lastKnownFileType = sourcecode.swift; path = QYRefresh.swift; sourceTree = "<group>"; };
		EF15E5F025C2945C00DCE201 /* QYVMCollectionController.swift */ = {isa = PBXFileReference; lastKnownFileType = sourcecode.swift; path = QYVMCollectionController.swift; sourceTree = "<group>"; };
		EF15E5F425C2A04400DCE201 /* QYHomeViewModel.swift */ = {isa = PBXFileReference; lastKnownFileType = sourcecode.swift; path = QYHomeViewModel.swift; sourceTree = "<group>"; };
		EF4B10EA25B148430055C4D2 /* Diary.app */ = {isa = PBXFileReference; explicitFileType = wrapper.application; includeInIndex = 0; path = Diary.app; sourceTree = BUILT_PRODUCTS_DIR; };
		EF4B10ED25B148430055C4D2 /* AppDelegate.swift */ = {isa = PBXFileReference; lastKnownFileType = sourcecode.swift; path = AppDelegate.swift; sourceTree = "<group>"; };
		EF4B10F625B148450055C4D2 /* Assets.xcassets */ = {isa = PBXFileReference; lastKnownFileType = folder.assetcatalog; path = Assets.xcassets; sourceTree = "<group>"; };
		EF4B10F925B148450055C4D2 /* Base */ = {isa = PBXFileReference; lastKnownFileType = file.storyboard; name = Base; path = Base.lproj/LaunchScreen.storyboard; sourceTree = "<group>"; };
		EF4B10FB25B148450055C4D2 /* Info.plist */ = {isa = PBXFileReference; lastKnownFileType = text.plist.xml; path = Info.plist; sourceTree = "<group>"; };
		EF4B11DB25B1720C0055C4D2 /* QYTabbarController.swift */ = {isa = PBXFileReference; lastKnownFileType = sourcecode.swift; path = QYTabbarController.swift; sourceTree = "<group>"; };
		EF4B11DF25B172200055C4D2 /* QYNavigationController.swift */ = {isa = PBXFileReference; lastKnownFileType = sourcecode.swift; path = QYNavigationController.swift; sourceTree = "<group>"; };
		EF4B11E425B1723D0055C4D2 /* QYHomeController.swift */ = {isa = PBXFileReference; lastKnownFileType = sourcecode.swift; path = QYHomeController.swift; sourceTree = "<group>"; };
		EF4B11EA25B172880055C4D2 /* AppDelegate+Internal.swift */ = {isa = PBXFileReference; lastKnownFileType = sourcecode.swift; path = "AppDelegate+Internal.swift"; sourceTree = "<group>"; };
		EF4B11F025B173480055C4D2 /* ZFPlayer+Rx.swift */ = {isa = PBXFileReference; fileEncoding = 4; lastKnownFileType = sourcecode.swift; path = "ZFPlayer+Rx.swift"; sourceTree = "<group>"; };
		EF4B11F225B173480055C4D2 /* ObservableExtensions.swift */ = {isa = PBXFileReference; fileEncoding = 4; lastKnownFileType = sourcecode.swift; path = ObservableExtensions.swift; sourceTree = "<group>"; };
		EF4B11F425B173480055C4D2 /* MJRefreshComponent+Rx.swift */ = {isa = PBXFileReference; fileEncoding = 4; lastKnownFileType = sourcecode.swift; path = "MJRefreshComponent+Rx.swift"; sourceTree = "<group>"; };
		EF4B11F525B173480055C4D2 /* MJRefreshFooter+Rx.swift */ = {isa = PBXFileReference; fileEncoding = 4; lastKnownFileType = sourcecode.swift; path = "MJRefreshFooter+Rx.swift"; sourceTree = "<group>"; };
		EF4B11F725B173480055C4D2 /* JXPagingListContainerViewExtension.swift */ = {isa = PBXFileReference; fileEncoding = 4; lastKnownFileType = sourcecode.swift; path = JXPagingListContainerViewExtension.swift; sourceTree = "<group>"; };
		EF4B11F925B173480055C4D2 /* UITableView+ReusableView.swift */ = {isa = PBXFileReference; fileEncoding = 4; lastKnownFileType = sourcecode.swift; path = "UITableView+ReusableView.swift"; sourceTree = "<group>"; };
		EF4B11FA25B173480055C4D2 /* UICollectionView+ReusableView.swift */ = {isa = PBXFileReference; fileEncoding = 4; lastKnownFileType = sourcecode.swift; path = "UICollectionView+ReusableView.swift"; sourceTree = "<group>"; };
		EF4B11FB25B173480055C4D2 /* ReusableView.swift */ = {isa = PBXFileReference; fileEncoding = 4; lastKnownFileType = sourcecode.swift; path = ReusableView.swift; sourceTree = "<group>"; };
		EF4B11FC25B173480055C4D2 /* QianyuWrapper.swift */ = {isa = PBXFileReference; fileEncoding = 4; lastKnownFileType = sourcecode.swift; path = QianyuWrapper.swift; sourceTree = "<group>"; };
		EF4B11FE25B173490055C4D2 /* CGRectExtensions.swift */ = {isa = PBXFileReference; fileEncoding = 4; lastKnownFileType = sourcecode.swift; path = CGRectExtensions.swift; sourceTree = "<group>"; };
		EF4B11FF25B173490055C4D2 /* CGFloatExtensions.swift */ = {isa = PBXFileReference; fileEncoding = 4; lastKnownFileType = sourcecode.swift; path = CGFloatExtensions.swift; sourceTree = "<group>"; };
		EF4B120025B173490055C4D2 /* UIEdgeInsetsExtensions.swift */ = {isa = PBXFileReference; fileEncoding = 4; lastKnownFileType = sourcecode.swift; path = UIEdgeInsetsExtensions.swift; sourceTree = "<group>"; };
		EF4B120125B173490055C4D2 /* CGSizeExtensions.swift */ = {isa = PBXFileReference; fileEncoding = 4; lastKnownFileType = sourcecode.swift; path = CGSizeExtensions.swift; sourceTree = "<group>"; };
		EF4B120225B173490055C4D2 /* StringExtensions.swift */ = {isa = PBXFileReference; fileEncoding = 4; lastKnownFileType = sourcecode.swift; path = StringExtensions.swift; sourceTree = "<group>"; };
		EF4B120325B173490055C4D2 /* DoubleExtensions.swift */ = {isa = PBXFileReference; fileEncoding = 4; lastKnownFileType = sourcecode.swift; path = DoubleExtensions.swift; sourceTree = "<group>"; };
		EF4B120525B173490055C4D2 /* CALayerExetnsions.swift */ = {isa = PBXFileReference; fileEncoding = 4; lastKnownFileType = sourcecode.swift; path = CALayerExetnsions.swift; sourceTree = "<group>"; };
		EF4B120625B173490055C4D2 /* UIViewControllerExtensions.swift */ = {isa = PBXFileReference; fileEncoding = 4; lastKnownFileType = sourcecode.swift; path = UIViewControllerExtensions.swift; sourceTree = "<group>"; };
		EF4B120725B173490055C4D2 /* UIImageExtensions.swift */ = {isa = PBXFileReference; fileEncoding = 4; lastKnownFileType = sourcecode.swift; path = UIImageExtensions.swift; sourceTree = "<group>"; };
		EF4B120825B173490055C4D2 /* UIViewExtensions.swift */ = {isa = PBXFileReference; fileEncoding = 4; lastKnownFileType = sourcecode.swift; path = UIViewExtensions.swift; sourceTree = "<group>"; };
		EF4B120925B173490055C4D2 /* UIButtonExtensions.swift */ = {isa = PBXFileReference; fileEncoding = 4; lastKnownFileType = sourcecode.swift; path = UIButtonExtensions.swift; sourceTree = "<group>"; };
		EF4B120A25B173490055C4D2 /* UIImageViewExtensions.swift */ = {isa = PBXFileReference; fileEncoding = 4; lastKnownFileType = sourcecode.swift; path = UIImageViewExtensions.swift; sourceTree = "<group>"; };
		EF4B120B25B173490055C4D2 /* UIColorExtensions.swift */ = {isa = PBXFileReference; fileEncoding = 4; lastKnownFileType = sourcecode.swift; path = UIColorExtensions.swift; sourceTree = "<group>"; };
		EF4B122525B173F00055C4D2 /* AppDelegate+Vender.swift */ = {isa = PBXFileReference; fileEncoding = 4; lastKnownFileType = sourcecode.swift; path = "AppDelegate+Vender.swift"; sourceTree = "<group>"; };
		EF4B122A25B174370055C4D2 /* CHTCollectionViewWaterfallLayout.swift */ = {isa = PBXFileReference; fileEncoding = 4; lastKnownFileType = sourcecode.swift; path = CHTCollectionViewWaterfallLayout.swift; sourceTree = "<group>"; };
		EF4B123225B174370055C4D2 /* ErrorTracker.swift */ = {isa = PBXFileReference; fileEncoding = 4; lastKnownFileType = sourcecode.swift; path = ErrorTracker.swift; sourceTree = "<group>"; };
		EF4B124E25B1748D0055C4D2 /* QYHeaders.swift */ = {isa = PBXFileReference; fileEncoding = 4; lastKnownFileType = sourcecode.swift; path = QYHeaders.swift; sourceTree = "<group>"; };
		EF4B124F25B1748D0055C4D2 /* QYConfigs.swift */ = {isa = PBXFileReference; fileEncoding = 4; lastKnownFileType = sourcecode.swift; path = QYConfigs.swift; sourceTree = "<group>"; };
		EF4B125125B1748D0055C4D2 /* QYColor.swift */ = {isa = PBXFileReference; fileEncoding = 4; lastKnownFileType = sourcecode.swift; path = QYColor.swift; sourceTree = "<group>"; };
		EF4B125325B1748D0055C4D2 /* QYFont.swift */ = {isa = PBXFileReference; fileEncoding = 4; lastKnownFileType = sourcecode.swift; path = QYFont.swift; sourceTree = "<group>"; };
		EF4B125625B1748D0055C4D2 /* QYInch.swift */ = {isa = PBXFileReference; fileEncoding = 4; lastKnownFileType = sourcecode.swift; path = QYInch.swift; sourceTree = "<group>"; };
		EF4B129525B175A10055C4D2 /* QYNotification.swift */ = {isa = PBXFileReference; fileEncoding = 4; lastKnownFileType = sourcecode.swift; path = QYNotification.swift; sourceTree = "<group>"; };
		EF4B129925B175B10055C4D2 /* QYLogger.swift */ = {isa = PBXFileReference; fileEncoding = 4; lastKnownFileType = sourcecode.swift; path = QYLogger.swift; sourceTree = "<group>"; };
		EF4B129E25B175B80055C4D2 /* QYAlert.swift */ = {isa = PBXFileReference; fileEncoding = 4; lastKnownFileType = sourcecode.swift; path = QYAlert.swift; sourceTree = "<group>"; };
		EF4B12A225B175C00055C4D2 /* QYButton.swift */ = {isa = PBXFileReference; fileEncoding = 4; lastKnownFileType = sourcecode.swift; path = QYButton.swift; sourceTree = "<group>"; };
		EF4B12A325B175C00055C4D2 /* QYBorderButton.swift */ = {isa = PBXFileReference; fileEncoding = 4; lastKnownFileType = sourcecode.swift; path = QYBorderButton.swift; sourceTree = "<group>"; };
		EF4B12A825B175C80055C4D2 /* QYHUD.swift */ = {isa = PBXFileReference; fileEncoding = 4; lastKnownFileType = sourcecode.swift; path = QYHUD.swift; sourceTree = "<group>"; };
		EF4B12AC25B175D60055C4D2 /* QYToast.swift */ = {isa = PBXFileReference; fileEncoding = 4; lastKnownFileType = sourcecode.swift; path = QYToast.swift; sourceTree = "<group>"; };
		EF4B12AE25B175D60055C4D2 /* QYRouter.swift */ = {isa = PBXFileReference; fileEncoding = 4; lastKnownFileType = sourcecode.swift; path = QYRouter.swift; sourceTree = "<group>"; };
		EF4B12AF25B175D60055C4D2 /* QYRouterExternal.swift */ = {isa = PBXFileReference; fileEncoding = 4; lastKnownFileType = sourcecode.swift; path = QYRouterExternal.swift; sourceTree = "<group>"; };
		EF4B12B025B175D60055C4D2 /* QYRouterInternal.swift */ = {isa = PBXFileReference; fileEncoding = 4; lastKnownFileType = sourcecode.swift; path = QYRouterInternal.swift; sourceTree = "<group>"; };
		EF4B12B225B175D60055C4D2 /* QYLaunchAd.swift */ = {isa = PBXFileReference; fileEncoding = 4; lastKnownFileType = sourcecode.swift; path = QYLaunchAd.swift; sourceTree = "<group>"; };
		EF4B12B425B175D60055C4D2 /* QYInsetsLabel.swift */ = {isa = PBXFileReference; fileEncoding = 4; lastKnownFileType = sourcecode.swift; path = QYInsetsLabel.swift; sourceTree = "<group>"; };
		EF4B131525B177050055C4D2 /* EmptyDataSet+Rx.swift */ = {isa = PBXFileReference; lastKnownFileType = sourcecode.swift; path = "EmptyDataSet+Rx.swift"; sourceTree = "<group>"; };
		EF4B131A25B177FF0055C4D2 /* zh-Hans */ = {isa = PBXFileReference; lastKnownFileType = text.plist.strings; name = "zh-Hans"; path = "zh-Hans.lproj/LaunchScreen.strings"; sourceTree = "<group>"; };
		EF4B132125B1782B0055C4D2 /* en */ = {isa = PBXFileReference; lastKnownFileType = text.plist.strings; name = en; path = en.lproj/Localizable.strings; sourceTree = "<group>"; };
		EF4B132425B178300055C4D2 /* zh-Hans */ = {isa = PBXFileReference; lastKnownFileType = text.plist.strings; name = "zh-Hans"; path = "zh-Hans.lproj/Localizable.strings"; sourceTree = "<group>"; };
		EF4E3BDC25B67CA700001B5D /* QYCurvedTabbarController.swift */ = {isa = PBXFileReference; lastKnownFileType = sourcecode.swift; path = QYCurvedTabbarController.swift; sourceTree = "<group>"; };
		EF4E3BDF25B67CBD00001B5D /* QYCurvedTabbar.swift */ = {isa = PBXFileReference; lastKnownFileType = sourcecode.swift; path = QYCurvedTabbar.swift; sourceTree = "<group>"; };
		EF4E3BF125B6AA9500001B5D /* QYVideoController.swift */ = {isa = PBXFileReference; lastKnownFileType = sourcecode.swift; path = QYVideoController.swift; sourceTree = "<group>"; };
		EF4E3BF625B6AABB00001B5D /* QYBaseController.swift */ = {isa = PBXFileReference; lastKnownFileType = sourcecode.swift; path = QYBaseController.swift; sourceTree = "<group>"; };
		EF4E3BFB25B6AAEB00001B5D /* QYMineController.swift */ = {isa = PBXFileReference; lastKnownFileType = sourcecode.swift; path = QYMineController.swift; sourceTree = "<group>"; };
		EF4E3C0025B6AB2800001B5D /* QYDiscoveryController.swift */ = {isa = PBXFileReference; lastKnownFileType = sourcecode.swift; path = QYDiscoveryController.swift; sourceTree = "<group>"; };
		EF4E3C0525B6AC4C00001B5D /* QYBookShelfController.swift */ = {isa = PBXFileReference; lastKnownFileType = sourcecode.swift; path = QYBookShelfController.swift; sourceTree = "<group>"; };
		EF4E3C0E25B6B1CA00001B5D /* QYCurvedTabbarItem.swift */ = {isa = PBXFileReference; lastKnownFileType = sourcecode.swift; path = QYCurvedTabbarItem.swift; sourceTree = "<group>"; };
		EF4E3C1125B6B24300001B5D /* QYCurvedTabbarBackgroundView.swift */ = {isa = PBXFileReference; lastKnownFileType = sourcecode.swift; path = QYCurvedTabbarBackgroundView.swift; sourceTree = "<group>"; };
		EF4E3C1425B6B29600001B5D /* QYCurvedTabbarItemContentView.swift */ = {isa = PBXFileReference; lastKnownFileType = sourcecode.swift; path = QYCurvedTabbarItemContentView.swift; sourceTree = "<group>"; };
		EF4E3C1725B6B79700001B5D /* QYCurvedTabbarItemContainer.swift */ = {isa = PBXFileReference; lastKnownFileType = sourcecode.swift; path = QYCurvedTabbarItemContainer.swift; sourceTree = "<group>"; };
		EF7EBB9525BECDCC007D0003 /* R.generated.swift */ = {isa = PBXFileReference; fileEncoding = 4; lastKnownFileType = sourcecode.swift; path = R.generated.swift; sourceTree = "<group>"; };
		EF8793B125C3ABF300AD4090 /* QYColor+PrivacyPolicy.swift */ = {isa = PBXFileReference; lastKnownFileType = sourcecode.swift; path = "QYColor+PrivacyPolicy.swift"; sourceTree = "<group>"; };
		EF9B3B9025C2D67D00B9870E /* QYAlert+PrivacyPolicy.swift */ = {isa = PBXFileReference; lastKnownFileType = sourcecode.swift; path = "QYAlert+PrivacyPolicy.swift"; sourceTree = "<group>"; };
		EFB05CA625C1479600D4EECA /* BundleExtensions.swift */ = {isa = PBXFileReference; lastKnownFileType = sourcecode.swift; path = BundleExtensions.swift; sourceTree = "<group>"; };
		EFB05CAE25C1669C00D4EECA /* Diary.entitlements */ = {isa = PBXFileReference; lastKnownFileType = text.plist.entitlements; path = Diary.entitlements; sourceTree = "<group>"; };
		EFB05CE225C1676700D4EECA /* Diary-Bridging-Header.h */ = {isa = PBXFileReference; lastKnownFileType = sourcecode.c.h; path = "Diary-Bridging-Header.h"; sourceTree = "<group>"; };
		EFB05CE925C167FA00D4EECA /* QYJPUSHHelper.swift */ = {isa = PBXFileReference; lastKnownFileType = sourcecode.swift; path = QYJPUSHHelper.swift; sourceTree = "<group>"; };
		EFB05CED25C1689F00D4EECA /* QYKey.swift */ = {isa = PBXFileReference; lastKnownFileType = sourcecode.swift; path = QYKey.swift; sourceTree = "<group>"; };
		EFB05CF025C168F500D4EECA /* QYRouterHelp.swift */ = {isa = PBXFileReference; lastKnownFileType = sourcecode.swift; path = QYRouterHelp.swift; sourceTree = "<group>"; };
		EFB05CF425C1711200D4EECA /* QYShortcutItemHelper.swift */ = {isa = PBXFileReference; lastKnownFileType = sourcecode.swift; path = QYShortcutItemHelper.swift; sourceTree = "<group>"; };
		EFB05D2B25C1728700D4EECA /* QYScreenshotTrackHelper.swift */ = {isa = PBXFileReference; lastKnownFileType = sourcecode.swift; path = QYScreenshotTrackHelper.swift; sourceTree = "<group>"; };
		EFB2079C25C0F9A000B5C353 /* QYDataBaseManager.swift */ = {isa = PBXFileReference; lastKnownFileType = sourcecode.swift; path = QYDataBaseManager.swift; sourceTree = "<group>"; };
		EFB207D025C117EE00B5C353 /* QYReader.bundle */ = {isa = PBXFileReference; lastKnownFileType = "wrapper.plug-in"; path = QYReader.bundle; sourceTree = "<group>"; };
		EFB207D425C132A500B5C353 /* QYReaderApi.swift */ = {isa = PBXFileReference; lastKnownFileType = sourcecode.swift; path = QYReaderApi.swift; sourceTree = "<group>"; };
		EFB207DC25C1350500B5C353 /* QYReaderConfig.swift */ = {isa = PBXFileReference; lastKnownFileType = sourcecode.swift; path = QYReaderConfig.swift; sourceTree = "<group>"; };
		EFB207DF25C1366100B5C353 /* QYReaderConfig+ReaderTheme.swift */ = {isa = PBXFileReference; lastKnownFileType = sourcecode.swift; path = "QYReaderConfig+ReaderTheme.swift"; sourceTree = "<group>"; };
		EFC699F125B8055F000A9E5E /* QYCurvedAnimationConfig.swift */ = {isa = PBXFileReference; lastKnownFileType = sourcecode.swift; path = QYCurvedAnimationConfig.swift; sourceTree = "<group>"; };
		EFC699F425B82717000A9E5E /* QYCurvedSelectedItem.swift */ = {isa = PBXFileReference; lastKnownFileType = sourcecode.swift; path = QYCurvedSelectedItem.swift; sourceTree = "<group>"; };
		EFD7931225BE66090093F5FD /* QYIconFontDiary.swift */ = {isa = PBXFileReference; lastKnownFileType = sourcecode.swift; path = QYIconFontDiary.swift; sourceTree = "<group>"; };
		EFDC25EA25B96756006476C4 /* QYCurvedTabBarItemBadgeView.swift */ = {isa = PBXFileReference; lastKnownFileType = sourcecode.swift; path = QYCurvedTabBarItemBadgeView.swift; sourceTree = "<group>"; };
/* End PBXFileReference section */

/* Begin PBXFrameworksBuildPhase section */
		EF4B10E725B148430055C4D2 /* Frameworks */ = {
			isa = PBXFrameworksBuildPhase;
			buildActionMask = 2147483647;
			files = (
				C78D2200069890E563C1B5C0 /* Pods_Diary.framework in Frameworks */,
			);
			runOnlyForDeploymentPostprocessing = 0;
		};
/* End PBXFrameworksBuildPhase section */

/* Begin PBXGroup section */
		BA5FB7678831F0F3BFA19037 /* Pods */ = {
			isa = PBXGroup;
			children = (
				E5C6F04C5E7253706059E155 /* Pods-Diary.debug.xcconfig */,
				D9863789ACDCCE019CE190A9 /* Pods-Diary.release.xcconfig */,
			);
			path = Pods;
			sourceTree = "<group>";
		};
		DD578114845D77AC15A43F9E /* Frameworks */ = {
			isa = PBXGroup;
			children = (
				B06B34A1E494122BD5FC6C25 /* Pods_Diary.framework */,
			);
			name = Frameworks;
			sourceTree = "<group>";
		};
		EF0ADA9E25BFEEC2004F9BFC /* QYReaderStatistical */ = {
			isa = PBXGroup;
			children = (
				EF0ADA9F25BFEED1004F9BFC /* QYReaderStatistical.swift */,
			);
			path = QYReaderStatistical;
			sourceTree = "<group>";
		};
		EF0ADAB825C00A00004F9BFC /* QYReader */ = {
			isa = PBXGroup;
			children = (
				EFB207DA25C133C000B5C353 /* Tool */,
				EFB207D925C133BA00B5C353 /* VM */,
				EFB207D825C133B400B5C353 /* M */,
				EFB207D725C133AF00B5C353 /* V */,
				EFB207D325C1329500B5C353 /* Api */,
				EFB207CF25C117DD00B5C353 /* Resources */,
				EF0ADAB925C00A08004F9BFC /* C */,
			);
			path = QYReader;
			sourceTree = "<group>";
		};
		EF0ADAB925C00A08004F9BFC /* C */ = {
			isa = PBXGroup;
			children = (
				EFB207CE25C117A400B5C353 /* reader */,
			);
			path = C;
			sourceTree = "<group>";
		};
		EF15E4B925C24FF000DCE201 /* VM */ = {
			isa = PBXGroup;
			children = (
				EF15E4BA25C2505D00DCE201 /* QYViewModel.swift */,
				EF15E4C725C2524E00DCE201 /* QYRefreshViewModel.swift */,
			);
			path = VM;
			sourceTree = "<group>";
		};
		EF15E59C25C2606100DCE201 /* V */ = {
			isa = PBXGroup;
			children = (
				EF15E59D25C2606A00DCE201 /* QYBaseEmptyView.swift */,
			);
			path = V;
			sourceTree = "<group>";
		};
		EF15E5D625C2864700DCE201 /* Api */ = {
			isa = PBXGroup;
			children = (
				EF15E5D725C2865900DCE201 /* QYRequest.swift */,
				EFD13E1225C2D2AA0077D10F /* Reader */,
			);
			path = Api;
			sourceTree = "<group>";
		};
		EF15E5DB25C286EB00DCE201 /* M */ = {
			isa = PBXGroup;
			children = (
				EF15E5DC25C2870A00DCE201 /* QYBaseItem.swift */,
			);
			path = M;
			sourceTree = "<group>";
		};
		EF15E5E925C2911900DCE201 /* QYRefresh */ = {
			isa = PBXGroup;
			children = (
				EF15E5EA25C2914300DCE201 /* QYRefreshFastHeader.swift */,
				EF15E5ED25C2915200DCE201 /* QYRefresh.swift */,
			);
			path = QYRefresh;
			sourceTree = "<group>";
		};
		EF15E5F325C2A02F00DCE201 /* VM */ = {
			isa = PBXGroup;
			children = (
				EF15E5F425C2A04400DCE201 /* QYHomeViewModel.swift */,
			);
			path = VM;
			sourceTree = "<group>";
		};
		EF4B10E125B148430055C4D2 = {
			isa = PBXGroup;
			children = (
				EF4B10EC25B148430055C4D2 /* Diary */,
				EF4B10EB25B148430055C4D2 /* Products */,
				BA5FB7678831F0F3BFA19037 /* Pods */,
				DD578114845D77AC15A43F9E /* Frameworks */,
			);
			sourceTree = "<group>";
		};
		EF4B10EB25B148430055C4D2 /* Products */ = {
			isa = PBXGroup;
			children = (
				EF4B10EA25B148430055C4D2 /* Diary.app */,
			);
			name = Products;
			sourceTree = "<group>";
		};
		EF4B10EC25B148430055C4D2 /* Diary */ = {
			isa = PBXGroup;
			children = (
				EFB05CAE25C1669C00D4EECA /* Diary.entitlements */,
				EF15E5D625C2864700DCE201 /* Api */,
				EF4B11D825B171B80055C4D2 /* Application */,
				EF4B11D925B171C70055C4D2 /* Classes */,
				EF4B124C25B1745B0055C4D2 /* Configs */,
				EF4B129325B175A10055C4D2 /* Util */,
				EF4B123B25B174480055C4D2 /* Common */,
				EF4B11ED25B173320055C4D2 /* Extension */,
				EF4B122825B174260055C4D2 /* Vender */,
				EF4B12BC25B175F10055C4D2 /* Resources */,
			);
			path = Diary;
			sourceTree = "<group>";
		};
		EF4B11D825B171B80055C4D2 /* Application */ = {
			isa = PBXGroup;
			children = (
				EF4B122525B173F00055C4D2 /* AppDelegate+Vender.swift */,
				EF4B10ED25B148430055C4D2 /* AppDelegate.swift */,
				EF4B11EA25B172880055C4D2 /* AppDelegate+Internal.swift */,
			);
			path = Application;
			sourceTree = "<group>";
		};
		EF4B11D925B171C70055C4D2 /* Classes */ = {
			isa = PBXGroup;
			children = (
				EF4B11DA25B171E00055C4D2 /* Main */,
				EF4E3BF425B6AAA900001B5D /* Base */,
				EF4B11E225B172290055C4D2 /* Home */,
				EF4E3C0425B6AC3600001B5D /* BookShelf */,
				EF4E3BFE25B6AB0400001B5D /* Discovery */,
				EF4E3BEF25B6AA7A00001B5D /* Video */,
				EF4E3BF925B6AAD900001B5D /* Mine */,
			);
			path = Classes;
			sourceTree = "<group>";
		};
		EF4B11DA25B171E00055C4D2 /* Main */ = {
			isa = PBXGroup;
			children = (
				EF4B11DB25B1720C0055C4D2 /* QYTabbarController.swift */,
				EF4B11DF25B172200055C4D2 /* QYNavigationController.swift */,
			);
			path = Main;
			sourceTree = "<group>";
		};
		EF4B11E225B172290055C4D2 /* Home */ = {
			isa = PBXGroup;
			children = (
				EF15E5F325C2A02F00DCE201 /* VM */,
				EF4B11E325B1722F0055C4D2 /* C */,
			);
			path = Home;
			sourceTree = "<group>";
		};
		EF4B11E325B1722F0055C4D2 /* C */ = {
			isa = PBXGroup;
			children = (
				EF4B11E425B1723D0055C4D2 /* QYHomeController.swift */,
			);
			path = C;
			sourceTree = "<group>";
		};
		EF4B11ED25B173320055C4D2 /* Extension */ = {
			isa = PBXGroup;
			children = (
				EF4B11FC25B173480055C4D2 /* QianyuWrapper.swift */,
				EF4B11F625B173480055C4D2 /* Internal */,
				EF4B11F825B173480055C4D2 /* ReusableView */,
				EF4B11EE25B173480055C4D2 /* Rx */,
				EF4B11FD25B173490055C4D2 /* Stdlib */,
				EF4B120425B173490055C4D2 /* UIKit */,
			);
			path = Extension;
			sourceTree = "<group>";
		};
		EF4B11EE25B173480055C4D2 /* Rx */ = {
			isa = PBXGroup;
			children = (
				EF4B131425B176F50055C4D2 /* EmptyDataSet+Rx */,
				EF4B11EF25B173480055C4D2 /* ZFPlayer+Rx */,
				EF4B11F225B173480055C4D2 /* ObservableExtensions.swift */,
				EF4B11F325B173480055C4D2 /* MJRefresh+Rx */,
			);
			path = Rx;
			sourceTree = "<group>";
		};
		EF4B11EF25B173480055C4D2 /* ZFPlayer+Rx */ = {
			isa = PBXGroup;
			children = (
				EF4B11F025B173480055C4D2 /* ZFPlayer+Rx.swift */,
			);
			path = "ZFPlayer+Rx";
			sourceTree = "<group>";
		};
		EF4B11F325B173480055C4D2 /* MJRefresh+Rx */ = {
			isa = PBXGroup;
			children = (
				EF4B11F425B173480055C4D2 /* MJRefreshComponent+Rx.swift */,
				EF4B11F525B173480055C4D2 /* MJRefreshFooter+Rx.swift */,
			);
			path = "MJRefresh+Rx";
			sourceTree = "<group>";
		};
		EF4B11F625B173480055C4D2 /* Internal */ = {
			isa = PBXGroup;
			children = (
				EF4B11F725B173480055C4D2 /* JXPagingListContainerViewExtension.swift */,
			);
			path = Internal;
			sourceTree = "<group>";
		};
		EF4B11F825B173480055C4D2 /* ReusableView */ = {
			isa = PBXGroup;
			children = (
				EF4B11F925B173480055C4D2 /* UITableView+ReusableView.swift */,
				EF4B11FA25B173480055C4D2 /* UICollectionView+ReusableView.swift */,
				EF4B11FB25B173480055C4D2 /* ReusableView.swift */,
			);
			path = ReusableView;
			sourceTree = "<group>";
		};
		EF4B11FD25B173490055C4D2 /* Stdlib */ = {
			isa = PBXGroup;
			children = (
				EF4B11FE25B173490055C4D2 /* CGRectExtensions.swift */,
				EF4B11FF25B173490055C4D2 /* CGFloatExtensions.swift */,
				EF4B120025B173490055C4D2 /* UIEdgeInsetsExtensions.swift */,
				EF4B120125B173490055C4D2 /* CGSizeExtensions.swift */,
				EF4B120225B173490055C4D2 /* StringExtensions.swift */,
				EF4B120325B173490055C4D2 /* DoubleExtensions.swift */,
			);
			path = Stdlib;
			sourceTree = "<group>";
		};
		EF4B120425B173490055C4D2 /* UIKit */ = {
			isa = PBXGroup;
			children = (
				EF4B120525B173490055C4D2 /* CALayerExetnsions.swift */,
				EF4B120625B173490055C4D2 /* UIViewControllerExtensions.swift */,
				EF4B120725B173490055C4D2 /* UIImageExtensions.swift */,
				EF4B120825B173490055C4D2 /* UIViewExtensions.swift */,
				EF14183025BAAA4E00AB0A80 /* UIView+Animation.swift */,
				EF4B120925B173490055C4D2 /* UIButtonExtensions.swift */,
				EF4B120A25B173490055C4D2 /* UIImageViewExtensions.swift */,
				EF4B120B25B173490055C4D2 /* UIColorExtensions.swift */,
				EFB05CA625C1479600D4EECA /* BundleExtensions.swift */,
			);
			path = UIKit;
			sourceTree = "<group>";
		};
		EF4B122825B174260055C4D2 /* Vender */ = {
			isa = PBXGroup;
			children = (
				EF4B122925B174370055C4D2 /* CHTCollectionViewWaterfallLayout */,
				EF4B123125B174370055C4D2 /* RxErrorTracker */,
			);
			path = Vender;
			sourceTree = "<group>";
		};
		EF4B122925B174370055C4D2 /* CHTCollectionViewWaterfallLayout */ = {
			isa = PBXGroup;
			children = (
				EF4B122A25B174370055C4D2 /* CHTCollectionViewWaterfallLayout.swift */,
			);
			path = CHTCollectionViewWaterfallLayout;
			sourceTree = "<group>";
		};
		EF4B123125B174370055C4D2 /* RxErrorTracker */ = {
			isa = PBXGroup;
			children = (
				EF4B123225B174370055C4D2 /* ErrorTracker.swift */,
			);
			path = RxErrorTracker;
			sourceTree = "<group>";
		};
		EF4B123B25B174480055C4D2 /* Common */ = {
			isa = PBXGroup;
			children = (
				EF4E3BDA25B67C0C00001B5D /* QYCurvedTabbar */,
			);
			path = Common;
			sourceTree = "<group>";
		};
		EF4B124C25B1745B0055C4D2 /* Configs */ = {
			isa = PBXGroup;
			children = (
				EF8793B025C3ABE200AD4090 /* Color */,
				EF4B124F25B1748D0055C4D2 /* QYConfigs.swift */,
				EF4B125325B1748D0055C4D2 /* QYFont.swift */,
				EF4B124E25B1748D0055C4D2 /* QYHeaders.swift */,
				EF4B125625B1748D0055C4D2 /* QYInch.swift */,
				EFB05CE225C1676700D4EECA /* Diary-Bridging-Header.h */,
				EFB05CED25C1689F00D4EECA /* QYKey.swift */,
			);
			path = Configs;
			sourceTree = "<group>";
		};
		EF4B129325B175A10055C4D2 /* Util */ = {
			isa = PBXGroup;
			children = (
				EF15E5E925C2911900DCE201 /* QYRefresh */,
				EFB05CE825C167D300D4EECA /* QYHelper */,
				EFB2079B25C0F97200B5C353 /* QYDataBaseManager */,
				EF0ADAB825C00A00004F9BFC /* QYReader */,
				EF0ADA9E25BFEEC2004F9BFC /* QYReaderStatistical */,
				EFD7931125BE65DA0093F5FD /* QYIconFont */,
				EF4B12B325B175D60055C4D2 /* QYLabel */,
				EF4B12B125B175D60055C4D2 /* QYLaunchAd */,
				EF4B12AD25B175D60055C4D2 /* QYRouter */,
				EF4B12AB25B175D60055C4D2 /* QYToast */,
				EF4B12A725B175C80055C4D2 /* QYHUD */,
				EF4B12A125B175C00055C4D2 /* QYButton */,
				EF4B129C25B175B80055C4D2 /* QYAlert */,
				EF4B129825B175B10055C4D2 /* Logger */,
				EF4B129425B175A10055C4D2 /* QYNotification */,
			);
			path = Util;
			sourceTree = "<group>";
		};
		EF4B129425B175A10055C4D2 /* QYNotification */ = {
			isa = PBXGroup;
			children = (
				EF4B129525B175A10055C4D2 /* QYNotification.swift */,
			);
			path = QYNotification;
			sourceTree = "<group>";
		};
		EF4B129825B175B10055C4D2 /* Logger */ = {
			isa = PBXGroup;
			children = (
				EF4B129925B175B10055C4D2 /* QYLogger.swift */,
			);
			path = Logger;
			sourceTree = "<group>";
		};
		EF4B129C25B175B80055C4D2 /* QYAlert */ = {
			isa = PBXGroup;
			children = (
				EF4B129D25B175B80055C4D2 /* UI */,
				EF4B129E25B175B80055C4D2 /* QYAlert.swift */,
			);
			path = QYAlert;
			sourceTree = "<group>";
		};
		EF4B129D25B175B80055C4D2 /* UI */ = {
			isa = PBXGroup;
			children = (
				EF9B3B9025C2D67D00B9870E /* QYAlert+PrivacyPolicy.swift */,
			);
			path = UI;
			sourceTree = "<group>";
		};
		EF4B12A125B175C00055C4D2 /* QYButton */ = {
			isa = PBXGroup;
			children = (
				EF4B12A225B175C00055C4D2 /* QYButton.swift */,
				EF4B12A325B175C00055C4D2 /* QYBorderButton.swift */,
			);
			path = QYButton;
			sourceTree = "<group>";
		};
		EF4B12A725B175C80055C4D2 /* QYHUD */ = {
			isa = PBXGroup;
			children = (
				EF4B12A825B175C80055C4D2 /* QYHUD.swift */,
			);
			path = QYHUD;
			sourceTree = "<group>";
		};
		EF4B12AB25B175D60055C4D2 /* QYToast */ = {
			isa = PBXGroup;
			children = (
				EF4B12AC25B175D60055C4D2 /* QYToast.swift */,
			);
			path = QYToast;
			sourceTree = "<group>";
		};
		EF4B12AD25B175D60055C4D2 /* QYRouter */ = {
			isa = PBXGroup;
			children = (
				EF4B12AE25B175D60055C4D2 /* QYRouter.swift */,
				EF4B12AF25B175D60055C4D2 /* QYRouterExternal.swift */,
				EF4B12B025B175D60055C4D2 /* QYRouterInternal.swift */,
				EFB05CF025C168F500D4EECA /* QYRouterHelp.swift */,
			);
			path = QYRouter;
			sourceTree = "<group>";
		};
		EF4B12B125B175D60055C4D2 /* QYLaunchAd */ = {
			isa = PBXGroup;
			children = (
				EF4B12B225B175D60055C4D2 /* QYLaunchAd.swift */,
			);
			path = QYLaunchAd;
			sourceTree = "<group>";
		};
		EF4B12B325B175D60055C4D2 /* QYLabel */ = {
			isa = PBXGroup;
			children = (
				EF4B12B425B175D60055C4D2 /* QYInsetsLabel.swift */,
			);
			path = QYLabel;
			sourceTree = "<group>";
		};
		EF4B12BC25B175F10055C4D2 /* Resources */ = {
			isa = PBXGroup;
			children = (
				EF7EBB9525BECDCC007D0003 /* R.generated.swift */,
				EF4B10F625B148450055C4D2 /* Assets.xcassets */,
				EF4B10F825B148450055C4D2 /* LaunchScreen.storyboard */,
				EF4B10FB25B148450055C4D2 /* Info.plist */,
				EF4B132225B1782B0055C4D2 /* Localizable.strings */,
			);
			path = Resources;
			sourceTree = "<group>";
		};
		EF4B131425B176F50055C4D2 /* EmptyDataSet+Rx */ = {
			isa = PBXGroup;
			children = (
				EF4B131525B177050055C4D2 /* EmptyDataSet+Rx.swift */,
			);
			path = "EmptyDataSet+Rx";
			sourceTree = "<group>";
		};
		EF4E3BDA25B67C0C00001B5D /* QYCurvedTabbar */ = {
			isa = PBXGroup;
			children = (
				EF4E3BDC25B67CA700001B5D /* QYCurvedTabbarController.swift */,
				EF4E3BDF25B67CBD00001B5D /* QYCurvedTabbar.swift */,
				EF4E3C0E25B6B1CA00001B5D /* QYCurvedTabbarItem.swift */,
				EF4E3C1125B6B24300001B5D /* QYCurvedTabbarBackgroundView.swift */,
				EF4E3C1425B6B29600001B5D /* QYCurvedTabbarItemContentView.swift */,
				EF4E3C1725B6B79700001B5D /* QYCurvedTabbarItemContainer.swift */,
				EFC699F125B8055F000A9E5E /* QYCurvedAnimationConfig.swift */,
				EFDC25EA25B96756006476C4 /* QYCurvedTabBarItemBadgeView.swift */,
				EFC699F425B82717000A9E5E /* QYCurvedSelectedItem.swift */,
			);
			path = QYCurvedTabbar;
			sourceTree = "<group>";
		};
		EF4E3BEF25B6AA7A00001B5D /* Video */ = {
			isa = PBXGroup;
			children = (
				EF4E3BF025B6AA8300001B5D /* C */,
			);
			path = Video;
			sourceTree = "<group>";
		};
		EF4E3BF025B6AA8300001B5D /* C */ = {
			isa = PBXGroup;
			children = (
				EF4E3BF125B6AA9500001B5D /* QYVideoController.swift */,
			);
			path = C;
			sourceTree = "<group>";
		};
		EF4E3BF425B6AAA900001B5D /* Base */ = {
			isa = PBXGroup;
			children = (
				EF15E5DB25C286EB00DCE201 /* M */,
				EF15E59C25C2606100DCE201 /* V */,
				EF15E4B925C24FF000DCE201 /* VM */,
				EF4E3BF525B6AAB100001B5D /* C */,
			);
			path = Base;
			sourceTree = "<group>";
		};
		EF4E3BF525B6AAB100001B5D /* C */ = {
			isa = PBXGroup;
			children = (
				EF4E3BF625B6AABB00001B5D /* QYBaseController.swift */,
				EF15E4CF25C2587A00DCE201 /* QYVMController.swift */,
				EF15E5E025C28A6800DCE201 /* QYTableController.swift */,
				EF15E5E325C28EFC00DCE201 /* QYCollectionController.swift */,
				EF15E5E625C2901700DCE201 /* QYVMTableController.swift */,
				EF15E5F025C2945C00DCE201 /* QYVMCollectionController.swift */,
			);
			path = C;
			sourceTree = "<group>";
		};
		EF4E3BF925B6AAD900001B5D /* Mine */ = {
			isa = PBXGroup;
			children = (
				EF4E3BFA25B6AAE000001B5D /* C */,
			);
			path = Mine;
			sourceTree = "<group>";
		};
		EF4E3BFA25B6AAE000001B5D /* C */ = {
			isa = PBXGroup;
			children = (
				EF4E3BFB25B6AAEB00001B5D /* QYMineController.swift */,
			);
			path = C;
			sourceTree = "<group>";
		};
		EF4E3BFE25B6AB0400001B5D /* Discovery */ = {
			isa = PBXGroup;
			children = (
				EF4E3BFF25B6AB1900001B5D /* C */,
			);
			path = Discovery;
			sourceTree = "<group>";
		};
		EF4E3BFF25B6AB1900001B5D /* C */ = {
			isa = PBXGroup;
			children = (
				EF4E3C0025B6AB2800001B5D /* QYDiscoveryController.swift */,
			);
			path = C;
			sourceTree = "<group>";
		};
		EF4E3C0425B6AC3600001B5D /* BookShelf */ = {
			isa = PBXGroup;
			children = (
				EF4E3C0A25B6AC6A00001B5D /* C */,
			);
			path = BookShelf;
			sourceTree = "<group>";
		};
		EF4E3C0A25B6AC6A00001B5D /* C */ = {
			isa = PBXGroup;
			children = (
				EF4E3C0525B6AC4C00001B5D /* QYBookShelfController.swift */,
			);
			path = C;
			sourceTree = "<group>";
		};
		EF8793B025C3ABE200AD4090 /* Color */ = {
			isa = PBXGroup;
			children = (
				EF4B125125B1748D0055C4D2 /* QYColor.swift */,
				EF8793B125C3ABF300AD4090 /* QYColor+PrivacyPolicy.swift */,
			);
			path = Color;
			sourceTree = "<group>";
		};
		EFB05CAA25C1641B00D4EECA /* menu */ = {
			isa = PBXGroup;
			children = (
			);
			path = menu;
			sourceTree = "<group>";
		};
		EFB05CE825C167D300D4EECA /* QYHelper */ = {
			isa = PBXGroup;
			children = (
				EFB05CE925C167FA00D4EECA /* QYJPUSHHelper.swift */,
				EFB05CF425C1711200D4EECA /* QYShortcutItemHelper.swift */,
				EFB05D2B25C1728700D4EECA /* QYScreenshotTrackHelper.swift */,
				EF15E5A025C261A500DCE201 /* QYReachabilityHelper.swift */,
			);
			path = QYHelper;
			sourceTree = "<group>";
		};
		EFB2079B25C0F97200B5C353 /* QYDataBaseManager */ = {
			isa = PBXGroup;
			children = (
				EFB2079C25C0F9A000B5C353 /* QYDataBaseManager.swift */,
			);
			path = QYDataBaseManager;
			sourceTree = "<group>";
		};
		EFB207CE25C117A400B5C353 /* reader */ = {
			isa = PBXGroup;
			children = (
				EF0ADABA25C00A28004F9BFC /* QYReaderBoxController.swift */,
			);
			path = reader;
			sourceTree = "<group>";
		};
		EFB207CF25C117DD00B5C353 /* Resources */ = {
			isa = PBXGroup;
			children = (
				EFB207D025C117EE00B5C353 /* QYReader.bundle */,
			);
			path = Resources;
			sourceTree = "<group>";
		};
		EFB207D325C1329500B5C353 /* Api */ = {
			isa = PBXGroup;
			children = (
				EFB207D425C132A500B5C353 /* QYReaderApi.swift */,
			);
			path = Api;
			sourceTree = "<group>";
		};
		EFB207D725C133AF00B5C353 /* V */ = {
			isa = PBXGroup;
			children = (
				EFB05CAA25C1641B00D4EECA /* menu */,
			);
			path = V;
			sourceTree = "<group>";
		};
		EFB207D825C133B400B5C353 /* M */ = {
			isa = PBXGroup;
			children = (
			);
			path = M;
			sourceTree = "<group>";
		};
		EFB207D925C133BA00B5C353 /* VM */ = {
			isa = PBXGroup;
			children = (
			);
			path = VM;
			sourceTree = "<group>";
		};
		EFB207DA25C133C000B5C353 /* Tool */ = {
			isa = PBXGroup;
			children = (
				EFB207DC25C1350500B5C353 /* QYReaderConfig.swift */,
				EFB207DF25C1366100B5C353 /* QYReaderConfig+ReaderTheme.swift */,
			);
			path = Tool;
			sourceTree = "<group>";
		};
		EFD13E1225C2D2AA0077D10F /* Reader */ = {
			isa = PBXGroup;
			children = (
			);
			path = Reader;
			sourceTree = "<group>";
		};
		EFD7931125BE65DA0093F5FD /* QYIconFont */ = {
			isa = PBXGroup;
			children = (
				EF0ADA9A25BFC332004F9BFC /* iconfont.ttf */,
				EFD7931225BE66090093F5FD /* QYIconFontDiary.swift */,
			);
			path = QYIconFont;
			sourceTree = "<group>";
		};
/* End PBXGroup section */

/* Begin PBXNativeTarget section */
		EF4B10E925B148430055C4D2 /* Diary */ = {
			isa = PBXNativeTarget;
			buildConfigurationList = EF4B10FE25B148450055C4D2 /* Build configuration list for PBXNativeTarget "Diary" */;
			buildPhases = (
				B607249CA36AFE8B7F5E4510 /* [CP] Check Pods Manifest.lock */,
				EF7EBB9125BECCF3007D0003 /* R.swift */,
				EF4B10E625B148430055C4D2 /* Sources */,
				EF4B10E725B148430055C4D2 /* Frameworks */,
				EF4B10E825B148430055C4D2 /* Resources */,
				2213B23A205CDFBC633D4EAE /* [CP] Embed Pods Frameworks */,
				C6C7030BB372C67729A89076 /* [CP] Copy Pods Resources */,
			);
			buildRules = (
			);
			dependencies = (
			);
			name = Diary;
			productName = Diary;
			productReference = EF4B10EA25B148430055C4D2 /* Diary.app */;
			productType = "com.apple.product-type.application";
		};
/* End PBXNativeTarget section */

/* Begin PBXProject section */
		EF4B10E225B148430055C4D2 /* Project object */ = {
			isa = PBXProject;
			attributes = {
				CLASSPREFIX = QY;
				LastSwiftUpdateCheck = 1210;
				LastUpgradeCheck = 1210;
				ORGANIZATIONNAME = qianyuIm;
				TargetAttributes = {
					EF4B10E925B148430055C4D2 = {
						CreatedOnToolsVersion = 12.1;
						LastSwiftMigration = 1210;
					};
				};
			};
			buildConfigurationList = EF4B10E525B148430055C4D2 /* Build configuration list for PBXProject "Diary" */;
			compatibilityVersion = "Xcode 9.3";
			developmentRegion = en;
			hasScannedForEncodings = 0;
			knownRegions = (
				en,
				Base,
				"zh-Hans",
			);
			mainGroup = EF4B10E125B148430055C4D2;
			productRefGroup = EF4B10EB25B148430055C4D2 /* Products */;
			projectDirPath = "";
			projectRoot = "";
			targets = (
				EF4B10E925B148430055C4D2 /* Diary */,
			);
		};
/* End PBXProject section */

/* Begin PBXResourcesBuildPhase section */
		EF4B10E825B148430055C4D2 /* Resources */ = {
			isa = PBXResourcesBuildPhase;
			buildActionMask = 2147483647;
			files = (
				EF0ADA9B25BFC332004F9BFC /* iconfont.ttf in Resources */,
				EF4B10FA25B148450055C4D2 /* LaunchScreen.storyboard in Resources */,
				EF4B132025B1782B0055C4D2 /* Localizable.strings in Resources */,
				EFB207D125C117EE00B5C353 /* QYReader.bundle in Resources */,
				EF4B10F725B148450055C4D2 /* Assets.xcassets in Resources */,
			);
			runOnlyForDeploymentPostprocessing = 0;
		};
/* End PBXResourcesBuildPhase section */

/* Begin PBXShellScriptBuildPhase section */
		2213B23A205CDFBC633D4EAE /* [CP] Embed Pods Frameworks */ = {
			isa = PBXShellScriptBuildPhase;
			buildActionMask = 2147483647;
			files = (
			);
			inputFileListPaths = (
				"${PODS_ROOT}/Target Support Files/Pods-Diary/Pods-Diary-frameworks-${CONFIGURATION}-input-files.xcfilelist",
			);
			name = "[CP] Embed Pods Frameworks";
			outputFileListPaths = (
				"${PODS_ROOT}/Target Support Files/Pods-Diary/Pods-Diary-frameworks-${CONFIGURATION}-output-files.xcfilelist",
			);
			runOnlyForDeploymentPostprocessing = 0;
			shellPath = /bin/sh;
			shellScript = "\"${PODS_ROOT}/Target Support Files/Pods-Diary/Pods-Diary-frameworks.sh\"\n";
			showEnvVarsInLog = 0;
		};
		B607249CA36AFE8B7F5E4510 /* [CP] Check Pods Manifest.lock */ = {
			isa = PBXShellScriptBuildPhase;
			buildActionMask = 2147483647;
			files = (
			);
			inputFileListPaths = (
			);
			inputPaths = (
				"${PODS_PODFILE_DIR_PATH}/Podfile.lock",
				"${PODS_ROOT}/Manifest.lock",
			);
			name = "[CP] Check Pods Manifest.lock";
			outputFileListPaths = (
			);
			outputPaths = (
				"$(DERIVED_FILE_DIR)/Pods-Diary-checkManifestLockResult.txt",
			);
			runOnlyForDeploymentPostprocessing = 0;
			shellPath = /bin/sh;
			shellScript = "diff \"${PODS_PODFILE_DIR_PATH}/Podfile.lock\" \"${PODS_ROOT}/Manifest.lock\" > /dev/null\nif [ $? != 0 ] ; then\n    # print error to STDERR\n    echo \"error: The sandbox is not in sync with the Podfile.lock. Run 'pod install' or update your CocoaPods installation.\" >&2\n    exit 1\nfi\n# This output is used by Xcode 'outputs' to avoid re-running this script phase.\necho \"SUCCESS\" > \"${SCRIPT_OUTPUT_FILE_0}\"\n";
			showEnvVarsInLog = 0;
		};
		C6C7030BB372C67729A89076 /* [CP] Copy Pods Resources */ = {
			isa = PBXShellScriptBuildPhase;
			buildActionMask = 2147483647;
			files = (
			);
			inputFileListPaths = (
				"${PODS_ROOT}/Target Support Files/Pods-Diary/Pods-Diary-resources-${CONFIGURATION}-input-files.xcfilelist",
			);
			name = "[CP] Copy Pods Resources";
			outputFileListPaths = (
				"${PODS_ROOT}/Target Support Files/Pods-Diary/Pods-Diary-resources-${CONFIGURATION}-output-files.xcfilelist",
			);
			runOnlyForDeploymentPostprocessing = 0;
			shellPath = /bin/sh;
			shellScript = "\"${PODS_ROOT}/Target Support Files/Pods-Diary/Pods-Diary-resources.sh\"\n";
			showEnvVarsInLog = 0;
		};
		EF7EBB9125BECCF3007D0003 /* R.swift */ = {
			isa = PBXShellScriptBuildPhase;
			buildActionMask = 2147483647;
			files = (
			);
			inputFileListPaths = (
			);
			inputPaths = (
				"$TEMP_DIR/rswift-lastrun",
			);
			name = R.swift;
			outputFileListPaths = (
			);
			outputPaths = (
				$SRCROOT/Diary/Resources/R.generated.swift,
			);
			runOnlyForDeploymentPostprocessing = 0;
			shellPath = /bin/sh;
			shellScript = "\"$PODS_ROOT/R.swift/rswift\" generate \"$SRCROOT/Diary/Resources/R.generated.swift\" --generators image,string\n";
		};
/* End PBXShellScriptBuildPhase section */

/* Begin PBXSourcesBuildPhase section */
		EF4B10E625B148430055C4D2 /* Sources */ = {
			isa = PBXSourcesBuildPhase;
			buildActionMask = 2147483647;
			files = (
				EF8793B225C3ABF300AD4090 /* QYColor+PrivacyPolicy.swift in Sources */,
				EF4B125725B1748D0055C4D2 /* QYHeaders.swift in Sources */,
				EF4E3C1525B6B29600001B5D /* QYCurvedTabbarItemContentView.swift in Sources */,
				EF4B121525B173490055C4D2 /* QianyuWrapper.swift in Sources */,
				EF4E3BE025B67CBD00001B5D /* QYCurvedTabbar.swift in Sources */,
				EF4B12B625B175D60055C4D2 /* QYRouter.swift in Sources */,
				EF4E3BFC25B6AAEB00001B5D /* QYMineController.swift in Sources */,
				EF4B11E025B172200055C4D2 /* QYNavigationController.swift in Sources */,
				EF4B12BA25B175D60055C4D2 /* QYInsetsLabel.swift in Sources */,
				EF4B121E25B173490055C4D2 /* UIImageExtensions.swift in Sources */,
				EF4B122625B173F00055C4D2 /* AppDelegate+Vender.swift in Sources */,
				EF4B129F25B175B80055C4D2 /* QYAlert.swift in Sources */,
				EF4B120E25B173490055C4D2 /* ObservableExtensions.swift in Sources */,
				EF15E5EB25C2914300DCE201 /* QYRefreshFastHeader.swift in Sources */,
				EF4B121B25B173490055C4D2 /* DoubleExtensions.swift in Sources */,
				EF4E3C0625B6AC4C00001B5D /* QYBookShelfController.swift in Sources */,
				EFB05D2C25C1728700D4EECA /* QYScreenshotTrackHelper.swift in Sources */,
				EF15E4C825C2524E00DCE201 /* QYRefreshViewModel.swift in Sources */,
				EF4B12A425B175C00055C4D2 /* QYButton.swift in Sources */,
				EF15E5EE25C2915200DCE201 /* QYRefresh.swift in Sources */,
				EF4B121C25B173490055C4D2 /* CALayerExetnsions.swift in Sources */,
				EFB05CF125C168F500D4EECA /* QYRouterHelp.swift in Sources */,
				EF4B122025B173490055C4D2 /* UIButtonExtensions.swift in Sources */,
				EF4B11E525B1723D0055C4D2 /* QYHomeController.swift in Sources */,
				EF4B120C25B173490055C4D2 /* ZFPlayer+Rx.swift in Sources */,
				EF4B123325B174370055C4D2 /* CHTCollectionViewWaterfallLayout.swift in Sources */,
				EF4B125825B1748D0055C4D2 /* QYConfigs.swift in Sources */,
				EF4B121425B173490055C4D2 /* ReusableView.swift in Sources */,
				EF4E3C0125B6AB2800001B5D /* QYDiscoveryController.swift in Sources */,
				EF4B125D25B1748D0055C4D2 /* QYInch.swift in Sources */,
				EF15E59E25C2606A00DCE201 /* QYBaseEmptyView.swift in Sources */,
				EF4E3C1225B6B24300001B5D /* QYCurvedTabbarBackgroundView.swift in Sources */,
				EF4B11DC25B1720C0055C4D2 /* QYTabbarController.swift in Sources */,
				EFB05CEE25C1689F00D4EECA /* QYKey.swift in Sources */,
				EF15E5F525C2A04400DCE201 /* QYHomeViewModel.swift in Sources */,
				EFB2079D25C0F9A000B5C353 /* QYDataBaseManager.swift in Sources */,
				EFC699F525B82717000A9E5E /* QYCurvedSelectedItem.swift in Sources */,
				EF14183125BAAA4E00AB0A80 /* UIView+Animation.swift in Sources */,
				EF15E4D025C2587A00DCE201 /* QYVMController.swift in Sources */,
				EF4B121825B173490055C4D2 /* UIEdgeInsetsExtensions.swift in Sources */,
				EFB207DD25C1350500B5C353 /* QYReaderConfig.swift in Sources */,
				EF4B122125B173490055C4D2 /* UIImageViewExtensions.swift in Sources */,
				EF4B125B25B1748D0055C4D2 /* QYFont.swift in Sources */,
				EF15E5E125C28A6800DCE201 /* QYTableController.swift in Sources */,
				EF4B121925B173490055C4D2 /* CGSizeExtensions.swift in Sources */,
				EFB05CA725C1479600D4EECA /* BundleExtensions.swift in Sources */,
				EF4B12A925B175C80055C4D2 /* QYHUD.swift in Sources */,
				EF4B122225B173490055C4D2 /* UIColorExtensions.swift in Sources */,
				EF4B121325B173490055C4D2 /* UICollectionView+ReusableView.swift in Sources */,
				EF4B12B925B175D60055C4D2 /* QYLaunchAd.swift in Sources */,
				EFC699F225B8055F000A9E5E /* QYCurvedAnimationConfig.swift in Sources */,
				EF4B12B725B175D60055C4D2 /* QYRouterExternal.swift in Sources */,
				EF4B121625B173490055C4D2 /* CGRectExtensions.swift in Sources */,
				EF4B12B525B175D60055C4D2 /* QYToast.swift in Sources */,
				EF4E3C1825B6B79700001B5D /* QYCurvedTabbarItemContainer.swift in Sources */,
				EF4B12B825B175D60055C4D2 /* QYRouterInternal.swift in Sources */,
				EFB207E025C1366100B5C353 /* QYReaderConfig+ReaderTheme.swift in Sources */,
				EF4E3BDD25B67CA700001B5D /* QYCurvedTabbarController.swift in Sources */,
				EF4B121A25B173490055C4D2 /* StringExtensions.swift in Sources */,
				EFB05CF525C1711200D4EECA /* QYShortcutItemHelper.swift in Sources */,
				EF4B10EE25B148430055C4D2 /* AppDelegate.swift in Sources */,
				EF4B121725B173490055C4D2 /* CGFloatExtensions.swift in Sources */,
				EF0ADAA025BFEED1004F9BFC /* QYReaderStatistical.swift in Sources */,
				EF4B121225B173490055C4D2 /* UITableView+ReusableView.swift in Sources */,
				EF4B129625B175A20055C4D2 /* QYNotification.swift in Sources */,
				EF4B121125B173490055C4D2 /* JXPagingListContainerViewExtension.swift in Sources */,
				EF4B121D25B173490055C4D2 /* UIViewControllerExtensions.swift in Sources */,
				EF4B121F25B173490055C4D2 /* UIViewExtensions.swift in Sources */,
				EF4B125925B1748D0055C4D2 /* QYColor.swift in Sources */,
				EF15E5E425C28EFC00DCE201 /* QYCollectionController.swift in Sources */,
				EF0ADABB25C00A28004F9BFC /* QYReaderBoxController.swift in Sources */,
				EF4E3BF725B6AABB00001B5D /* QYBaseController.swift in Sources */,
				EF15E4BB25C2505D00DCE201 /* QYViewModel.swift in Sources */,
				EFB207D525C132A500B5C353 /* QYReaderApi.swift in Sources */,
				EF15E5E725C2901700DCE201 /* QYVMTableController.swift in Sources */,
				EF7EBB9625BECDCC007D0003 /* R.generated.swift in Sources */,
				EF4E3BF225B6AA9500001B5D /* QYVideoController.swift in Sources */,
				EF15E5D825C2865900DCE201 /* QYRequest.swift in Sources */,
				EF15E5DD25C2870A00DCE201 /* QYBaseItem.swift in Sources */,
				EF4B123925B174370055C4D2 /* ErrorTracker.swift in Sources */,
				EF4B120F25B173490055C4D2 /* MJRefreshComponent+Rx.swift in Sources */,
				EF4B131625B177050055C4D2 /* EmptyDataSet+Rx.swift in Sources */,
				EF9B3B9125C2D67D00B9870E /* QYAlert+PrivacyPolicy.swift in Sources */,
				EFB05CEA25C167FA00D4EECA /* QYJPUSHHelper.swift in Sources */,
				EF15E5A125C261A500DCE201 /* QYReachabilityHelper.swift in Sources */,
				EF15E5F125C2945C00DCE201 /* QYVMCollectionController.swift in Sources */,
				EF4B129A25B175B10055C4D2 /* QYLogger.swift in Sources */,
				EF4B11EB25B172880055C4D2 /* AppDelegate+Internal.swift in Sources */,
				EF4E3C0F25B6B1CA00001B5D /* QYCurvedTabbarItem.swift in Sources */,
				EFDC25EB25B96756006476C4 /* QYCurvedTabBarItemBadgeView.swift in Sources */,
				EF4B121025B173490055C4D2 /* MJRefreshFooter+Rx.swift in Sources */,
				EFD7931325BE66090093F5FD /* QYIconFontDiary.swift in Sources */,
				EF4B12A525B175C00055C4D2 /* QYBorderButton.swift in Sources */,
			);
			runOnlyForDeploymentPostprocessing = 0;
		};
/* End PBXSourcesBuildPhase section */

/* Begin PBXVariantGroup section */
		EF4B10F825B148450055C4D2 /* LaunchScreen.storyboard */ = {
			isa = PBXVariantGroup;
			children = (
				EF4B10F925B148450055C4D2 /* Base */,
				EF4B131A25B177FF0055C4D2 /* zh-Hans */,
			);
			name = LaunchScreen.storyboard;
			sourceTree = "<group>";
		};
		EF4B132225B1782B0055C4D2 /* Localizable.strings */ = {
			isa = PBXVariantGroup;
			children = (
				EF4B132125B1782B0055C4D2 /* en */,
				EF4B132425B178300055C4D2 /* zh-Hans */,
			);
			name = Localizable.strings;
			sourceTree = "<group>";
		};
/* End PBXVariantGroup section */

/* Begin XCBuildConfiguration section */
		EF4B10FC25B148450055C4D2 /* Debug */ = {
			isa = XCBuildConfiguration;
			buildSettings = {
				ALWAYS_SEARCH_USER_PATHS = NO;
				CLANG_ANALYZER_LOCALIZABILITY_NONLOCALIZED = YES;
				CLANG_ANALYZER_NONNULL = YES;
				CLANG_ANALYZER_NUMBER_OBJECT_CONVERSION = YES_AGGRESSIVE;
				CLANG_CXX_LANGUAGE_STANDARD = "gnu++14";
				CLANG_CXX_LIBRARY = "libc++";
				CLANG_ENABLE_MODULES = YES;
				CLANG_ENABLE_OBJC_ARC = YES;
				CLANG_ENABLE_OBJC_WEAK = YES;
				CLANG_WARN_BLOCK_CAPTURE_AUTORELEASING = YES;
				CLANG_WARN_BOOL_CONVERSION = YES;
				CLANG_WARN_COMMA = YES;
				CLANG_WARN_CONSTANT_CONVERSION = YES;
				CLANG_WARN_DEPRECATED_OBJC_IMPLEMENTATIONS = YES;
				CLANG_WARN_DIRECT_OBJC_ISA_USAGE = YES_ERROR;
				CLANG_WARN_DOCUMENTATION_COMMENTS = YES;
				CLANG_WARN_EMPTY_BODY = YES;
				CLANG_WARN_ENUM_CONVERSION = YES;
				CLANG_WARN_INFINITE_RECURSION = YES;
				CLANG_WARN_INT_CONVERSION = YES;
				CLANG_WARN_NON_LITERAL_NULL_CONVERSION = YES;
				CLANG_WARN_OBJC_IMPLICIT_RETAIN_SELF = YES;
				CLANG_WARN_OBJC_LITERAL_CONVERSION = YES;
				CLANG_WARN_OBJC_ROOT_CLASS = YES_ERROR;
				CLANG_WARN_QUOTED_INCLUDE_IN_FRAMEWORK_HEADER = YES;
				CLANG_WARN_RANGE_LOOP_ANALYSIS = YES;
				CLANG_WARN_STRICT_PROTOTYPES = YES;
				CLANG_WARN_SUSPICIOUS_MOVE = YES;
				CLANG_WARN_UNGUARDED_AVAILABILITY = YES_AGGRESSIVE;
				CLANG_WARN_UNREACHABLE_CODE = YES;
				CLANG_WARN__DUPLICATE_METHOD_MATCH = YES;
				COPY_PHASE_STRIP = NO;
				DEBUG_INFORMATION_FORMAT = dwarf;
				ENABLE_STRICT_OBJC_MSGSEND = YES;
				ENABLE_TESTABILITY = YES;
				GCC_C_LANGUAGE_STANDARD = gnu11;
				GCC_DYNAMIC_NO_PIC = NO;
				GCC_NO_COMMON_BLOCKS = YES;
				GCC_OPTIMIZATION_LEVEL = 0;
				GCC_PREPROCESSOR_DEFINITIONS = (
					"DEBUG=1",
					"$(inherited)",
				);
				GCC_WARN_64_TO_32_BIT_CONVERSION = YES;
				GCC_WARN_ABOUT_RETURN_TYPE = YES_ERROR;
				GCC_WARN_UNDECLARED_SELECTOR = YES;
				GCC_WARN_UNINITIALIZED_AUTOS = YES_AGGRESSIVE;
				GCC_WARN_UNUSED_FUNCTION = YES;
				GCC_WARN_UNUSED_VARIABLE = YES;
				IPHONEOS_DEPLOYMENT_TARGET = 14.1;
				MTL_ENABLE_DEBUG_INFO = INCLUDE_SOURCE;
				MTL_FAST_MATH = YES;
				ONLY_ACTIVE_ARCH = YES;
				SDKROOT = iphoneos;
				SWIFT_ACTIVE_COMPILATION_CONDITIONS = DEBUG;
				SWIFT_OPTIMIZATION_LEVEL = "-Onone";
			};
			name = Debug;
		};
		EF4B10FD25B148450055C4D2 /* Release */ = {
			isa = XCBuildConfiguration;
			buildSettings = {
				ALWAYS_SEARCH_USER_PATHS = NO;
				CLANG_ANALYZER_LOCALIZABILITY_NONLOCALIZED = YES;
				CLANG_ANALYZER_NONNULL = YES;
				CLANG_ANALYZER_NUMBER_OBJECT_CONVERSION = YES_AGGRESSIVE;
				CLANG_CXX_LANGUAGE_STANDARD = "gnu++14";
				CLANG_CXX_LIBRARY = "libc++";
				CLANG_ENABLE_MODULES = YES;
				CLANG_ENABLE_OBJC_ARC = YES;
				CLANG_ENABLE_OBJC_WEAK = YES;
				CLANG_WARN_BLOCK_CAPTURE_AUTORELEASING = YES;
				CLANG_WARN_BOOL_CONVERSION = YES;
				CLANG_WARN_COMMA = YES;
				CLANG_WARN_CONSTANT_CONVERSION = YES;
				CLANG_WARN_DEPRECATED_OBJC_IMPLEMENTATIONS = YES;
				CLANG_WARN_DIRECT_OBJC_ISA_USAGE = YES_ERROR;
				CLANG_WARN_DOCUMENTATION_COMMENTS = YES;
				CLANG_WARN_EMPTY_BODY = YES;
				CLANG_WARN_ENUM_CONVERSION = YES;
				CLANG_WARN_INFINITE_RECURSION = YES;
				CLANG_WARN_INT_CONVERSION = YES;
				CLANG_WARN_NON_LITERAL_NULL_CONVERSION = YES;
				CLANG_WARN_OBJC_IMPLICIT_RETAIN_SELF = YES;
				CLANG_WARN_OBJC_LITERAL_CONVERSION = YES;
				CLANG_WARN_OBJC_ROOT_CLASS = YES_ERROR;
				CLANG_WARN_QUOTED_INCLUDE_IN_FRAMEWORK_HEADER = YES;
				CLANG_WARN_RANGE_LOOP_ANALYSIS = YES;
				CLANG_WARN_STRICT_PROTOTYPES = YES;
				CLANG_WARN_SUSPICIOUS_MOVE = YES;
				CLANG_WARN_UNGUARDED_AVAILABILITY = YES_AGGRESSIVE;
				CLANG_WARN_UNREACHABLE_CODE = YES;
				CLANG_WARN__DUPLICATE_METHOD_MATCH = YES;
				COPY_PHASE_STRIP = NO;
				DEBUG_INFORMATION_FORMAT = "dwarf-with-dsym";
				ENABLE_NS_ASSERTIONS = NO;
				ENABLE_STRICT_OBJC_MSGSEND = YES;
				GCC_C_LANGUAGE_STANDARD = gnu11;
				GCC_NO_COMMON_BLOCKS = YES;
				GCC_WARN_64_TO_32_BIT_CONVERSION = YES;
				GCC_WARN_ABOUT_RETURN_TYPE = YES_ERROR;
				GCC_WARN_UNDECLARED_SELECTOR = YES;
				GCC_WARN_UNINITIALIZED_AUTOS = YES_AGGRESSIVE;
				GCC_WARN_UNUSED_FUNCTION = YES;
				GCC_WARN_UNUSED_VARIABLE = YES;
				IPHONEOS_DEPLOYMENT_TARGET = 14.1;
				MTL_ENABLE_DEBUG_INFO = NO;
				MTL_FAST_MATH = YES;
				SDKROOT = iphoneos;
				SWIFT_COMPILATION_MODE = wholemodule;
				SWIFT_OPTIMIZATION_LEVEL = "-O";
				VALIDATE_PRODUCT = YES;
			};
			name = Release;
		};
		EF4B10FF25B148450055C4D2 /* Debug */ = {
			isa = XCBuildConfiguration;
			baseConfigurationReference = E5C6F04C5E7253706059E155 /* Pods-Diary.debug.xcconfig */;
			buildSettings = {
				ASSETCATALOG_COMPILER_APPICON_NAME = AppIcon;
				ASSETCATALOG_COMPILER_GLOBAL_ACCENT_COLOR_NAME = AccentColor;
				CLANG_ENABLE_MODULES = YES;
				CODE_SIGN_ENTITLEMENTS = Diary/Diary.entitlements;
				CODE_SIGN_IDENTITY = "iPhone Developer";
				CODE_SIGN_STYLE = Manual;
				DEVELOPMENT_TEAM = 9W33GSKZVH;
				INFOPLIST_FILE = "/Users/lipengyuan/Downloads/Git下载/自己写的/Diary/Diary/Resources/Info.plist";
				IPHONEOS_DEPLOYMENT_TARGET = 10.0;
				LD_RUNPATH_SEARCH_PATHS = (
					"$(inherited)",
					"@executable_path/Frameworks",
				);
				PRODUCT_BUNDLE_IDENTIFIER = com.qianyuIm.QYKit;
				PRODUCT_NAME = "$(TARGET_NAME)";
				PROVISIONING_PROFILE_SPECIFIER = QYKit_dev;
				SWIFT_OBJC_BRIDGING_HEADER = "Diary/Configs/Diary-Bridging-Header.h";
				SWIFT_OPTIMIZATION_LEVEL = "-Onone";
				SWIFT_VERSION = 5.0;
				TARGETED_DEVICE_FAMILY = "1,2";
			};
			name = Debug;
		};
		EF4B110025B148450055C4D2 /* Release */ = {
			isa = XCBuildConfiguration;
			baseConfigurationReference = D9863789ACDCCE019CE190A9 /* Pods-Diary.release.xcconfig */;
			buildSettings = {
				ASSETCATALOG_COMPILER_APPICON_NAME = AppIcon;
				ASSETCATALOG_COMPILER_GLOBAL_ACCENT_COLOR_NAME = AccentColor;
				CLANG_ENABLE_MODULES = YES;
				CODE_SIGN_ENTITLEMENTS = Diary/Diary.entitlements;
				CODE_SIGN_IDENTITY = "iPhone Distribution";
				CODE_SIGN_STYLE = Manual;
				DEVELOPMENT_TEAM = 9W33GSKZVH;
				INFOPLIST_FILE = "/Users/lipengyuan/Downloads/Git下载/自己写的/Diary/Diary/Resources/Info.plist";
				IPHONEOS_DEPLOYMENT_TARGET = 10.0;
				LD_RUNPATH_SEARCH_PATHS = (
					"$(inherited)",
					"@executable_path/Frameworks",
				);
				PRODUCT_BUNDLE_IDENTIFIER = com.qianyuIm.QYKit;
				PRODUCT_NAME = "$(TARGET_NAME)";
				PROVISIONING_PROFILE_SPECIFIER = QYKit_dis;
				SWIFT_OBJC_BRIDGING_HEADER = "Diary/Configs/Diary-Bridging-Header.h";
				SWIFT_VERSION = 5.0;
				TARGETED_DEVICE_FAMILY = "1,2";
			};
			name = Release;
		};
/* End XCBuildConfiguration section */

/* Begin XCConfigurationList section */
		EF4B10E525B148430055C4D2 /* Build configuration list for PBXProject "Diary" */ = {
			isa = XCConfigurationList;
			buildConfigurations = (
				EF4B10FC25B148450055C4D2 /* Debug */,
				EF4B10FD25B148450055C4D2 /* Release */,
			);
			defaultConfigurationIsVisible = 0;
			defaultConfigurationName = Release;
		};
		EF4B10FE25B148450055C4D2 /* Build configuration list for PBXNativeTarget "Diary" */ = {
			isa = XCConfigurationList;
			buildConfigurations = (
				EF4B10FF25B148450055C4D2 /* Debug */,
				EF4B110025B148450055C4D2 /* Release */,
			);
			defaultConfigurationIsVisible = 0;
			defaultConfigurationName = Release;
		};
/* End XCConfigurationList section */
	};
	rootObject = EF4B10E225B148430055C4D2 /* Project object */;
}
